// !$*UTF8*$!
{
	archiveVersion = 1;
	classes = {
	};
	objectVersion = 50;
	objects = {

/* Begin PBXBuildFile section */
		CC05375B22C5A679009DAEEF /* AppDelegate.m in Sources */ = {isa = PBXBuildFile; fileRef = CC05375A22C5A679009DAEEF /* AppDelegate.m */; };
		CC05375E22C5A679009DAEEF /* ViewController.m in Sources */ = {isa = PBXBuildFile; fileRef = CC05375D22C5A679009DAEEF /* ViewController.m */; };
		CC05376122C5A679009DAEEF /* Main.storyboard in Resources */ = {isa = PBXBuildFile; fileRef = CC05375F22C5A679009DAEEF /* Main.storyboard */; };
		CC05376322C5A67A009DAEEF /* Assets.xcassets in Resources */ = {isa = PBXBuildFile; fileRef = CC05376222C5A67A009DAEEF /* Assets.xcassets */; };
		CC05376622C5A67A009DAEEF /* LaunchScreen.storyboard in Resources */ = {isa = PBXBuildFile; fileRef = CC05376422C5A67A009DAEEF /* LaunchScreen.storyboard */; };
		CC05376922C5A67A009DAEEF /* main.m in Sources */ = {isa = PBXBuildFile; fileRef = CC05376822C5A67A009DAEEF /* main.m */; };
		CC05377322C5A67A009DAEEF /* FundOCTests.m in Sources */ = {isa = PBXBuildFile; fileRef = CC05377222C5A67A009DAEEF /* FundOCTests.m */; };
		CC05377E22C5A67A009DAEEF /* FundOCUITests.m in Sources */ = {isa = PBXBuildFile; fileRef = CC05377D22C5A67A009DAEEF /* FundOCUITests.m */; };
/* End PBXBuildFile section */

/* Begin PBXContainerItemProxy section */
		CC05376F22C5A67A009DAEEF /* PBXContainerItemProxy */ = {
			isa = PBXContainerItemProxy;
			containerPortal = CC05374E22C5A679009DAEEF /* Project object */;
			proxyType = 1;
			remoteGlobalIDString = CC05375522C5A679009DAEEF;
			remoteInfo = FundOC;
		};
		CC05377A22C5A67A009DAEEF /* PBXContainerItemProxy */ = {
			isa = PBXContainerItemProxy;
			containerPortal = CC05374E22C5A679009DAEEF /* Project object */;
			proxyType = 1;
			remoteGlobalIDString = CC05375522C5A679009DAEEF;
			remoteInfo = FundOC;
		};
/* End PBXContainerItemProxy section */

/* Begin PBXFileReference section */
		CC05375622C5A679009DAEEF /* FundOC.app */ = {isa = PBXFileReference; explicitFileType = wrapper.application; includeInIndex = 0; path = FundOC.app; sourceTree = BUILT_PRODUCTS_DIR; };
		CC05375922C5A679009DAEEF /* AppDelegate.h */ = {isa = PBXFileReference; lastKnownFileType = sourcecode.c.h; path = AppDelegate.h; sourceTree = "<group>"; };
		CC05375A22C5A679009DAEEF /* AppDelegate.m */ = {isa = PBXFileReference; lastKnownFileType = sourcecode.c.objc; path = AppDelegate.m; sourceTree = "<group>"; };
		CC05375C22C5A679009DAEEF /* ViewController.h */ = {isa = PBXFileReference; lastKnownFileType = sourcecode.c.h; path = ViewController.h; sourceTree = "<group>"; };
		CC05375D22C5A679009DAEEF /* ViewController.m */ = {isa = PBXFileReference; lastKnownFileType = sourcecode.c.objc; path = ViewController.m; sourceTree = "<group>"; };
		CC05376022C5A679009DAEEF /* Base */ = {isa = PBXFileReference; lastKnownFileType = file.storyboard; name = Base; path = Base.lproj/Main.storyboard; sourceTree = "<group>"; };
		CC05376222C5A67A009DAEEF /* Assets.xcassets */ = {isa = PBXFileReference; lastKnownFileType = folder.assetcatalog; path = Assets.xcassets; sourceTree = "<group>"; };
		CC05376522C5A67A009DAEEF /* Base */ = {isa = PBXFileReference; lastKnownFileType = file.storyboard; name = Base; path = Base.lproj/LaunchScreen.storyboard; sourceTree = "<group>"; };
		CC05376722C5A67A009DAEEF /* Info.plist */ = {isa = PBXFileReference; lastKnownFileType = text.plist.xml; path = Info.plist; sourceTree = "<group>"; };
		CC05376822C5A67A009DAEEF /* main.m */ = {isa = PBXFileReference; lastKnownFileType = sourcecode.c.objc; path = main.m; sourceTree = "<group>"; };
		CC05376E22C5A67A009DAEEF /* FundOCTests.xctest */ = {isa = PBXFileReference; explicitFileType = wrapper.cfbundle; includeInIndex = 0; path = FundOCTests.xctest; sourceTree = BUILT_PRODUCTS_DIR; };
		CC05377222C5A67A009DAEEF /* FundOCTests.m */ = {isa = PBXFileReference; lastKnownFileType = sourcecode.c.objc; path = FundOCTests.m; sourceTree = "<group>"; };
		CC05377422C5A67A009DAEEF /* Info.plist */ = {isa = PBXFileReference; lastKnownFileType = text.plist.xml; path = Info.plist; sourceTree = "<group>"; };
		CC05377922C5A67A009DAEEF /* FundOCUITests.xctest */ = {isa = PBXFileReference; explicitFileType = wrapper.cfbundle; includeInIndex = 0; path = FundOCUITests.xctest; sourceTree = BUILT_PRODUCTS_DIR; };
		CC05377D22C5A67A009DAEEF /* FundOCUITests.m */ = {isa = PBXFileReference; lastKnownFileType = sourcecode.c.objc; path = FundOCUITests.m; sourceTree = "<group>"; };
		CC05377F22C5A67A009DAEEF /* Info.plist */ = {isa = PBXFileReference; lastKnownFileType = text.plist.xml; path = Info.plist; sourceTree = "<group>"; };
/* End PBXFileReference section */

/* Begin PBXFrameworksBuildPhase section */
		CC05375322C5A679009DAEEF /* Frameworks */ = {
			isa = PBXFrameworksBuildPhase;
			buildActionMask = 2147483647;
			files = (
			);
			runOnlyForDeploymentPostprocessing = 0;
		};
		CC05376B22C5A67A009DAEEF /* Frameworks */ = {
			isa = PBXFrameworksBuildPhase;
			buildActionMask = 2147483647;
			files = (
			);
			runOnlyForDeploymentPostprocessing = 0;
		};
		CC05377622C5A67A009DAEEF /* Frameworks */ = {
			isa = PBXFrameworksBuildPhase;
			buildActionMask = 2147483647;
			files = (
			);
			runOnlyForDeploymentPostprocessing = 0;
		};
/* End PBXFrameworksBuildPhase section */

/* Begin PBXGroup section */
		CC05374D22C5A679009DAEEF = {
			isa = PBXGroup;
			children = (
				CC05375822C5A679009DAEEF /* FundOC */,
				CC05377122C5A67A009DAEEF /* FundOCTests */,
				CC05377C22C5A67A009DAEEF /* FundOCUITests */,
				CC05375722C5A679009DAEEF /* Products */,
			);
			sourceTree = "<group>";
		};
		CC05375722C5A679009DAEEF /* Products */ = {
			isa = PBXGroup;
			children = (
				CC05375622C5A679009DAEEF /* FundOC.app */,
				CC05376E22C5A67A009DAEEF /* FundOCTests.xctest */,
				CC05377922C5A67A009DAEEF /* FundOCUITests.xctest */,
			);
			name = Products;
			sourceTree = "<group>";
		};
		CC05375822C5A679009DAEEF /* FundOC */ = {
			isa = PBXGroup;
			children = (
				CC05375922C5A679009DAEEF /* AppDelegate.h */,
				CC05375A22C5A679009DAEEF /* AppDelegate.m */,
				CC05375C22C5A679009DAEEF /* ViewController.h */,
				CC05375D22C5A679009DAEEF /* ViewController.m */,
				CC05375F22C5A679009DAEEF /* Main.storyboard */,
				CC05376222C5A67A009DAEEF /* Assets.xcassets */,
				CC05376422C5A67A009DAEEF /* LaunchScreen.storyboard */,
				CC05376722C5A67A009DAEEF /* Info.plist */,
				CC05376822C5A67A009DAEEF /* main.m */,
			);
			path = FundOC;
			sourceTree = "<group>";
		};
		CC05377122C5A67A009DAEEF /* FundOCTests */ = {
			isa = PBXGroup;
			children = (
				CC05377222C5A67A009DAEEF /* FundOCTests.m */,
				CC05377422C5A67A009DAEEF /* Info.plist */,
			);
			path = FundOCTests;
			sourceTree = "<group>";
		};
		CC05377C22C5A67A009DAEEF /* FundOCUITests */ = {
			isa = PBXGroup;
			children = (
				CC05377D22C5A67A009DAEEF /* FundOCUITests.m */,
				CC05377F22C5A67A009DAEEF /* Info.plist */,
			);
			path = FundOCUITests;
			sourceTree = "<group>";
		};
/* End PBXGroup section */

/* Begin PBXNativeTarget section */
		CC05375522C5A679009DAEEF /* FundOC */ = {
			isa = PBXNativeTarget;
			buildConfigurationList = CC05378222C5A67A009DAEEF /* Build configuration list for PBXNativeTarget "FundOC" */;
			buildPhases = (
				CC05375222C5A679009DAEEF /* Sources */,
				CC05375322C5A679009DAEEF /* Frameworks */,
				CC05375422C5A679009DAEEF /* Resources */,
			);
			buildRules = (
			);
			dependencies = (
			);
			name = FundOC;
			productName = FundOC;
			productReference = CC05375622C5A679009DAEEF /* FundOC.app */;
			productType = "com.apple.product-type.application";
		};
		CC05376D22C5A67A009DAEEF /* FundOCTests */ = {
			isa = PBXNativeTarget;
			buildConfigurationList = CC05378522C5A67A009DAEEF /* Build configuration list for PBXNativeTarget "FundOCTests" */;
			buildPhases = (
				CC05376A22C5A67A009DAEEF /* Sources */,
				CC05376B22C5A67A009DAEEF /* Frameworks */,
				CC05376C22C5A67A009DAEEF /* Resources */,
			);
			buildRules = (
			);
			dependencies = (
				CC05377022C5A67A009DAEEF /* PBXTargetDependency */,
			);
			name = FundOCTests;
			productName = FundOCTests;
			productReference = CC05376E22C5A67A009DAEEF /* FundOCTests.xctest */;
			productType = "com.apple.product-type.bundle.unit-test";
		};
		CC05377822C5A67A009DAEEF /* FundOCUITests */ = {
			isa = PBXNativeTarget;
			buildConfigurationList = CC05378822C5A67A009DAEEF /* Build configuration list for PBXNativeTarget "FundOCUITests" */;
			buildPhases = (
				CC05377522C5A67A009DAEEF /* Sources */,
				CC05377622C5A67A009DAEEF /* Frameworks */,
				CC05377722C5A67A009DAEEF /* Resources */,
			);
			buildRules = (
			);
			dependencies = (
				CC05377B22C5A67A009DAEEF /* PBXTargetDependency */,
			);
			name = FundOCUITests;
			productName = FundOCUITests;
			productReference = CC05377922C5A67A009DAEEF /* FundOCUITests.xctest */;
			productType = "com.apple.product-type.bundle.ui-testing";
		};
/* End PBXNativeTarget section */

/* Begin PBXProject section */
		CC05374E22C5A679009DAEEF /* Project object */ = {
			isa = PBXProject;
			attributes = {
				LastUpgradeCheck = 1020;
				ORGANIZATIONNAME = D;
				TargetAttributes = {
					CC05375522C5A679009DAEEF = {
						CreatedOnToolsVersion = 10.2.1;
					};
					CC05376D22C5A67A009DAEEF = {
						CreatedOnToolsVersion = 10.2.1;
						TestTargetID = CC05375522C5A679009DAEEF;
					};
					CC05377822C5A67A009DAEEF = {
						CreatedOnToolsVersion = 10.2.1;
						TestTargetID = CC05375522C5A679009DAEEF;
					};
				};
			};
			buildConfigurationList = CC05375122C5A679009DAEEF /* Build configuration list for PBXProject "FundOC" */;
			compatibilityVersion = "Xcode 9.3";
			developmentRegion = en;
			hasScannedForEncodings = 0;
			knownRegions = (
				en,
				Base,
			);
			mainGroup = CC05374D22C5A679009DAEEF;
			productRefGroup = CC05375722C5A679009DAEEF /* Products */;
			projectDirPath = "";
			projectRoot = "";
			targets = (
				CC05375522C5A679009DAEEF /* FundOC */,
				CC05376D22C5A67A009DAEEF /* FundOCTests */,
				CC05377822C5A67A009DAEEF /* FundOCUITests */,
			);
		};
/* End PBXProject section */

/* Begin PBXResourcesBuildPhase section */
		CC05375422C5A679009DAEEF /* Resources */ = {
			isa = PBXResourcesBuildPhase;
			buildActionMask = 2147483647;
			files = (
				CC05376622C5A67A009DAEEF /* LaunchScreen.storyboard in Resources */,
				CC05376322C5A67A009DAEEF /* Assets.xcassets in Resources */,
				CC05376122C5A679009DAEEF /* Main.storyboard in Resources */,
			);
			runOnlyForDeploymentPostprocessing = 0;
		};
		CC05376C22C5A67A009DAEEF /* Resources */ = {
			isa = PBXResourcesBuildPhase;
			buildActionMask = 2147483647;
			files = (
			);
			runOnlyForDeploymentPostprocessing = 0;
		};
		CC05377722C5A67A009DAEEF /* Resources */ = {
			isa = PBXResourcesBuildPhase;
			buildActionMask = 2147483647;
			files = (
			);
			runOnlyForDeploymentPostprocessing = 0;
		};
/* End PBXResourcesBuildPhase section */

/* Begin PBXSourcesBuildPhase section */
		CC05375222C5A679009DAEEF /* Sources */ = {
			isa = PBXSourcesBuildPhase;
			buildActionMask = 2147483647;
			files = (
				CC05375E22C5A679009DAEEF /* ViewController.m in Sources */,
				CC05376922C5A67A009DAEEF /* main.m in Sources */,
				CC05375B22C5A679009DAEEF /* AppDelegate.m in Sources */,
			);
			runOnlyForDeploymentPostprocessing = 0;
		};
		CC05376A22C5A67A009DAEEF /* Sources */ = {
			isa = PBXSourcesBuildPhase;
			buildActionMask = 2147483647;
			files = (
				CC05377322C5A67A009DAEEF /* FundOCTests.m in Sources */,
			);
			runOnlyForDeploymentPostprocessing = 0;
		};
		CC05377522C5A67A009DAEEF /* Sources */ = {
			isa = PBXSourcesBuildPhase;
			buildActionMask = 2147483647;
			files = (
				CC05377E22C5A67A009DAEEF /* FundOCUITests.m in Sources */,
			);
			runOnlyForDeploymentPostprocessing = 0;
		};
/* End PBXSourcesBuildPhase section */

/* Begin PBXTargetDependency section */
		CC05377022C5A67A009DAEEF /* PBXTargetDependency */ = {
			isa = PBXTargetDependency;
			target = CC05375522C5A679009DAEEF /* FundOC */;
			targetProxy = CC05376F22C5A67A009DAEEF /* PBXContainerItemProxy */;
		};
		CC05377B22C5A67A009DAEEF /* PBXTargetDependency */ = {
			isa = PBXTargetDependency;
			target = CC05375522C5A679009DAEEF /* FundOC */;
			targetProxy = CC05377A22C5A67A009DAEEF /* PBXContainerItemProxy */;
		};
/* End PBXTargetDependency section */

/* Begin PBXVariantGroup section */
		CC05375F22C5A679009DAEEF /* Main.storyboard */ = {
			isa = PBXVariantGroup;
			children = (
				CC05376022C5A679009DAEEF /* Base */,
			);
			name = Main.storyboard;
			sourceTree = "<group>";
		};
		CC05376422C5A67A009DAEEF /* LaunchScreen.storyboard */ = {
			isa = PBXVariantGroup;
			children = (
				CC05376522C5A67A009DAEEF /* Base */,
			);
			name = LaunchScreen.storyboard;
			sourceTree = "<group>";
		};
/* End PBXVariantGroup section */

/* Begin XCBuildConfiguration section */
		CC05378022C5A67A009DAEEF /* Debug */ = {
			isa = XCBuildConfiguration;
			buildSettings = {
				ALWAYS_SEARCH_USER_PATHS = NO;
				CLANG_ANALYZER_NONNULL = YES;
				CLANG_ANALYZER_NUMBER_OBJECT_CONVERSION = YES_AGGRESSIVE;
				CLANG_CXX_LANGUAGE_STANDARD = "gnu++14";
				CLANG_CXX_LIBRARY = "libc++";
				CLANG_ENABLE_MODULES = YES;
				CLANG_ENABLE_OBJC_ARC = YES;
				CLANG_ENABLE_OBJC_WEAK = YES;
				CLANG_WARN_BLOCK_CAPTURE_AUTORELEASING = YES;
				CLANG_WARN_BOOL_CONVERSION = YES;
				CLANG_WARN_COMMA = YES;
				CLANG_WARN_CONSTANT_CONVERSION = YES;
				CLANG_WARN_DEPRECATED_OBJC_IMPLEMENTATIONS = YES;
				CLANG_WARN_DIRECT_OBJC_ISA_USAGE = YES_ERROR;
				CLANG_WARN_DOCUMENTATION_COMMENTS = YES;
				CLANG_WARN_EMPTY_BODY = YES;
				CLANG_WARN_ENUM_CONVERSION = YES;
				CLANG_WARN_INFINITE_RECURSION = YES;
				CLANG_WARN_INT_CONVERSION = YES;
				CLANG_WARN_NON_LITERAL_NULL_CONVERSION = YES;
				CLANG_WARN_OBJC_IMPLICIT_RETAIN_SELF = YES;
				CLANG_WARN_OBJC_LITERAL_CONVERSION = YES;
				CLANG_WARN_OBJC_ROOT_CLASS = YES_ERROR;
				CLANG_WARN_RANGE_LOOP_ANALYSIS = YES;
				CLANG_WARN_STRICT_PROTOTYPES = YES;
				CLANG_WARN_SUSPICIOUS_MOVE = YES;
				CLANG_WARN_UNGUARDED_AVAILABILITY = YES_AGGRESSIVE;
				CLANG_WARN_UNREACHABLE_CODE = YES;
				CLANG_WARN__DUPLICATE_METHOD_MATCH = YES;
				CODE_SIGN_IDENTITY = "iPhone Developer";
				COPY_PHASE_STRIP = NO;
				DEBUG_INFORMATION_FORMAT = dwarf;
				ENABLE_STRICT_OBJC_MSGSEND = YES;
				ENABLE_TESTABILITY = YES;
				GCC_C_LANGUAGE_STANDARD = gnu11;
				GCC_DYNAMIC_NO_PIC = NO;
				GCC_NO_COMMON_BLOCKS = YES;
				GCC_OPTIMIZATION_LEVEL = 0;
				GCC_PREPROCESSOR_DEFINITIONS = (
					"DEBUG=1",
					"$(inherited)",
				);
				GCC_WARN_64_TO_32_BIT_CONVERSION = YES;
				GCC_WARN_ABOUT_RETURN_TYPE = YES_ERROR;
				GCC_WARN_UNDECLARED_SELECTOR = YES;
				GCC_WARN_UNINITIALIZED_AUTOS = YES_AGGRESSIVE;
				GCC_WARN_UNUSED_FUNCTION = YES;
				GCC_WARN_UNUSED_VARIABLE = YES;
				IPHONEOS_DEPLOYMENT_TARGET = 12.2;
				MTL_ENABLE_DEBUG_INFO = INCLUDE_SOURCE;
				MTL_FAST_MATH = YES;
				ONLY_ACTIVE_ARCH = YES;
				SDKROOT = iphoneos;
			};
			name = Debug;
		};
		CC05378122C5A67A009DAEEF /* Release */ = {
			isa = XCBuildConfiguration;
			buildSettings = {
				ALWAYS_SEARCH_USER_PATHS = NO;
				CLANG_ANALYZER_NONNULL = YES;
				CLANG_ANALYZER_NUMBER_OBJECT_CONVERSION = YES_AGGRESSIVE;
				CLANG_CXX_LANGUAGE_STANDARD = "gnu++14";
				CLANG_CXX_LIBRARY = "libc++";
				CLANG_ENABLE_MODULES = YES;
				CLANG_ENABLE_OBJC_ARC = YES;
				CLANG_ENABLE_OBJC_WEAK = YES;
				CLANG_WARN_BLOCK_CAPTURE_AUTORELEASING = YES;
				CLANG_WARN_BOOL_CONVERSION = YES;
				CLANG_WARN_COMMA = YES;
				CLANG_WARN_CONSTANT_CONVERSION = YES;
				CLANG_WARN_DEPRECATED_OBJC_IMPLEMENTATIONS = YES;
				CLANG_WARN_DIRECT_OBJC_ISA_USAGE = YES_ERROR;
				CLANG_WARN_DOCUMENTATION_COMMENTS = YES;
				CLANG_WARN_EMPTY_BODY = YES;
				CLANG_WARN_ENUM_CONVERSION = YES;
				CLANG_WARN_INFINITE_RECURSION = YES;
				CLANG_WARN_INT_CONVERSION = YES;
				CLANG_WARN_NON_LITERAL_NULL_CONVERSION = YES;
				CLANG_WARN_OBJC_IMPLICIT_RETAIN_SELF = YES;
				CLANG_WARN_OBJC_LITERAL_CONVERSION = YES;
				CLANG_WARN_OBJC_ROOT_CLASS = YES_ERROR;
				CLANG_WARN_RANGE_LOOP_ANALYSIS = YES;
				CLANG_WARN_STRICT_PROTOTYPES = YES;
				CLANG_WARN_SUSPICIOUS_MOVE = YES;
				CLANG_WARN_UNGUARDED_AVAILABILITY = YES_AGGRESSIVE;
				CLANG_WARN_UNREACHABLE_CODE = YES;
				CLANG_WARN__DUPLICATE_METHOD_MATCH = YES;
				CODE_SIGN_IDENTITY = "iPhone Developer";
				COPY_PHASE_STRIP = NO;
				DEBUG_INFORMATION_FORMAT = "dwarf-with-dsym";
				ENABLE_NS_ASSERTIONS = NO;
				ENABLE_STRICT_OBJC_MSGSEND = YES;
				GCC_C_LANGUAGE_STANDARD = gnu11;
				GCC_NO_COMMON_BLOCKS = YES;
				GCC_WARN_64_TO_32_BIT_CONVERSION = YES;
				GCC_WARN_ABOUT_RETURN_TYPE = YES_ERROR;
				GCC_WARN_UNDECLARED_SELECTOR = YES;
				GCC_WARN_UNINITIALIZED_AUTOS = YES_AGGRESSIVE;
				GCC_WARN_UNUSED_FUNCTION = YES;
				GCC_WARN_UNUSED_VARIABLE = YES;
				IPHONEOS_DEPLOYMENT_TARGET = 12.2;
				MTL_ENABLE_DEBUG_INFO = NO;
				MTL_FAST_MATH = YES;
				SDKROOT = iphoneos;
				VALIDATE_PRODUCT = YES;
			};
			name = Release;
		};
		CC05378322C5A67A009DAEEF /* Debug */ = {
			isa = XCBuildConfiguration;
			buildSettings = {
				ASSETCATALOG_COMPILER_APPICON_NAME = AppIcon;
				CODE_SIGN_STYLE = Automatic;
				INFOPLIST_FILE = FundOC/Info.plist;
				LD_RUNPATH_SEARCH_PATHS = (
					"$(inherited)",
					"@executable_path/Frameworks",
				);
				PRODUCT_BUNDLE_IDENTIFIER = com.D.FundOC;
				PRODUCT_NAME = "$(TARGET_NAME)";
				TARGETED_DEVICE_FAMILY = "1,2";
			};
			name = Debug;
		};
		CC05378422C5A67A009DAEEF /* Release */ = {
			isa = XCBuildConfiguration;
			buildSettings = {
				ASSETCATALOG_COMPILER_APPICON_NAME = AppIcon;
				CODE_SIGN_STYLE = Automatic;
				INFOPLIST_FILE = FundOC/Info.plist;
				LD_RUNPATH_SEARCH_PATHS = (
					"$(inherited)",
					"@executable_path/Frameworks",
				);
				PRODUCT_BUNDLE_IDENTIFIER = com.D.FundOC;
				PRODUCT_NAME = "$(TARGET_NAME)";
				TARGETED_DEVICE_FAMILY = "1,2";
			};
			name = Release;
		};
		CC05378622C5A67A009DAEEF /* Debug */ = {
			isa = XCBuildConfiguration;
			buildSettings = {
				BUNDLE_LOADER = "$(TEST_HOST)";
				CODE_SIGN_STYLE = Automatic;
				INFOPLIST_FILE = FundOCTests/Info.plist;
				LD_RUNPATH_SEARCH_PATHS = (
					"$(inherited)",
					"@executable_path/Frameworks",
					"@loader_path/Frameworks",
				);
				PRODUCT_BUNDLE_IDENTIFIER = com.D.FundOCTests;
				PRODUCT_NAME = "$(TARGET_NAME)";
				TARGETED_DEVICE_FAMILY = "1,2";
				TEST_HOST = "$(BUILT_PRODUCTS_DIR)/FundOC.app/FundOC";
			};
			name = Debug;
		};
		CC05378722C5A67A009DAEEF /* Release */ = {
			isa = XCBuildConfiguration;
			buildSettings = {
				BUNDLE_LOADER = "$(TEST_HOST)";
				CODE_SIGN_STYLE = Automatic;
				INFOPLIST_FILE = FundOCTests/Info.plist;
				LD_RUNPATH_SEARCH_PATHS = (
					"$(inherited)",
					"@executable_path/Frameworks",
					"@loader_path/Frameworks",
				);
				PRODUCT_BUNDLE_IDENTIFIER = com.D.FundOCTests;
				PRODUCT_NAME = "$(TARGET_NAME)";
				TARGETED_DEVICE_FAMILY = "1,2";
				TEST_HOST = "$(BUILT_PRODUCTS_DIR)/FundOC.app/FundOC";
			};
			name = Release;
		};
		CC05378922C5A67A009DAEEF /* Debug */ = {
			isa = XCBuildConfiguration;
			buildSettings = {
				CODE_SIGN_STYLE = Automatic;
				INFOPLIST_FILE = FundOCUITests/Info.plist;
				LD_RUNPATH_SEARCH_PATHS = (
					"$(inherited)",
					"@executable_path/Frameworks",
					"@loader_path/Frameworks",
				);
				PRODUCT_BUNDLE_IDENTIFIER = com.D.FundOCUITests;
				PRODUCT_NAME = "$(TARGET_NAME)";
				TARGETED_DEVICE_FAMILY = "1,2";
				TEST_TARGET_NAME = FundOC;
			};
			name = Debug;
		};
		CC05378A22C5A67A009DAEEF /* Release */ = {
			isa = XCBuildConfiguration;
			buildSettings = {
				CODE_SIGN_STYLE = Automatic;
				INFOPLIST_FILE = FundOCUITests/Info.plist;
				LD_RUNPATH_SEARCH_PATHS = (
					"$(inherited)",
					"@executable_path/Frameworks",
					"@loader_path/Frameworks",
				);
				PRODUCT_BUNDLE_IDENTIFIER = com.D.FundOCUITests;
				PRODUCT_NAME = "$(TARGET_NAME)";
				TARGETED_DEVICE_FAMILY = "1,2";
				TEST_TARGET_NAME = FundOC;
			};
			name = Release;
		};
/* End XCBuildConfiguration section */

/* Begin XCConfigurationList section */
		CC05375122C5A679009DAEEF /* Build configuration list for PBXProject "FundOC" */ = {
			isa = XCConfigurationList;
			buildConfigurations = (
				CC05378022C5A67A009DAEEF /* Debug */,
				CC05378122C5A67A009DAEEF /* Release */,
			);
			defaultConfigurationIsVisible = 0;
			defaultConfigurationName = Release;
		};
		CC05378222C5A67A009DAEEF /* Build configuration list for PBXNativeTarget "FundOC" */ = {
			isa = XCConfigurationList;
			buildConfigurations = (
				CC05378322C5A67A009DAEEF /* Debug */,
				CC05378422C5A67A009DAEEF /* Release */,
			);
			defaultConfigurationIsVisible = 0;
			defaultConfigurationName = Release;
		};
		CC05378522C5A67A009DAEEF /* Build configuration list for PBXNativeTarget "FundOCTests" */ = {
			isa = XCConfigurationList;
			buildConfigurations = (
				CC05378622C5A67A009DAEEF /* Debug */,
				CC05378722C5A67A009DAEEF /* Release */,
			);
			defaultConfigurationIsVisible = 0;
			defaultConfigurationName = Release;
		};
		CC05378822C5A67A009DAEEF /* Build configuration list for PBXNativeTarget "FundOCUITests" */ = {
			isa = XCConfigurationList;
			buildConfigurations = (
				CC05378922C5A67A009DAEEF /* Debug */,
				CC05378A22C5A67A009DAEEF /* Release */,
			);
			defaultConfigurationIsVisible = 0;
			defaultConfigurationName = Release;
		};
/* End XCConfigurationList section */
	};
	rootObject = CC05374E22C5A679009DAEEF /* Project object */;
}
